<?xml version="1.0" encoding="utf-8"?>
<Project ToolsVersion="4.0" xmlns="http://schemas.microsoft.com/developer/msbuild/2003">
  <ItemGroup>
    <Filter Include="源文件">
      <UniqueIdentifier>{4FC737F1-C7A5-4376-A066-2A32D752A2FF}</UniqueIdentifier>
      <Extensions>cpp;c;cc;cxx;c++;cppm;ixx;def;odl;idl;hpj;bat;asm;asmx</Extensions>
    </Filter>
    <Filter Include="头文件">
      <UniqueIdentifier>{93995380-89BD-4b04-88EB-625FBE52EBFB}</UniqueIdentifier>
      <Extensions>h;hh;hpp;hxx;h++;hm;inl;inc;ipp;xsd</Extensions>
    </Filter>
    <Filter Include="资源文件">
      <UniqueIdentifier>{67DA6AB6-F800-4c08-8B7A-83BB121AAD01}</UniqueIdentifier>
      <Extensions>rc;ico;cur;bmp;dlg;rc2;rct;bin;rgs;gif;jpg;jpeg;jpe;resx;tiff;tif;png;wav;mfcribbon-ms</Extensions>
    </Filter>
    <Filter Include="源文件\力扣">
      <UniqueIdentifier>{9b3b65ed-cbb0-4420-8d18-135fc91b45ab}</UniqueIdentifier>
    </Filter>
    <Filter Include="源文件\力扣\简单">
      <UniqueIdentifier>{7129aa4a-88c0-4df7-afce-8d5c0b0a4f94}</UniqueIdentifier>
    </Filter>
    <Filter Include="源文件\力扣\中等">
      <UniqueIdentifier>{dd45909e-a5d2-42c6-9e1d-11e2e500fd7d}</UniqueIdentifier>
    </Filter>
    <Filter Include="源文件\力扣\面试题">
      <UniqueIdentifier>{54776a54-ab14-4d10-9e91-b0a5065cc8be}</UniqueIdentifier>
    </Filter>
    <Filter Include="源文件\力扣\面试题\简单">
      <UniqueIdentifier>{295b62b4-5a9f-4420-8f6d-b342611d2cf5}</UniqueIdentifier>
    </Filter>
  </ItemGroup>
  <ItemGroup>
    <ClCompile Include="7.整数反转.cpp">
      <Filter>源文件\力扣\简单</Filter>
    </ClCompile>
    <ClCompile Include="9.回文数.cpp">
      <Filter>源文件\力扣\简单</Filter>
    </ClCompile>
    <ClCompile Include="13.罗马数字转整数.cpp">
      <Filter>源文件\力扣\简单</Filter>
    </ClCompile>
    <ClCompile Include="26.删除有序数组中的重复项.cpp">
      <Filter>源文件\力扣\简单</Filter>
    </ClCompile>
    <ClCompile Include="27.移除元素.cpp">
      <Filter>源文件\力扣\简单</Filter>
    </ClCompile>
    <ClCompile Include="35.搜索插入位置.cpp">
      <Filter>源文件\力扣\简单</Filter>
    </ClCompile>
    <ClCompile Include="455.分发饼干.cpp">
      <Filter>源文件\力扣\简单</Filter>
    </ClCompile>
    <ClCompile Include="167.两数之和II-输入有序数组.cpp">
      <Filter>源文件\力扣\简单</Filter>
    </ClCompile>
    <ClCompile Include="88.新建两个有序数组.cpp">
      <Filter>源文件\力扣\简单</Filter>
    </ClCompile>
    <ClCompile Include="源.cpp">
      <Filter>源文件\力扣\简单</Filter>
    </ClCompile>
    <ClCompile Include="435.无重叠区间.cpp">
      <Filter>源文件\力扣\中等</Filter>
    </ClCompile>
    <ClCompile Include="605.种花问题.cpp">
      <Filter>源文件\力扣\简单</Filter>
    </ClCompile>
    <ClCompile Include="test.cpp">
      <Filter>源文件</Filter>
    </ClCompile>
    <ClCompile Include="452. 用最少数量的箭引爆气球.cpp">
      <Filter>源文件\力扣\中等</Filter>
    </ClCompile>
    <ClCompile Include="test2.cpp">
      <Filter>源文件</Filter>
    </ClCompile>
    <ClCompile Include="面试题03.01.三合一.cpp">
      <Filter>源文件\力扣\简单</Filter>
    </ClCompile>
    <ClCompile Include="21.合并两个有序链表.cpp">
      <Filter>源文件\力扣\简单</Filter>
    </ClCompile>
    <ClCompile Include="03.04.化栈为队.cpp">
      <Filter>源文件\力扣\面试题\简单</Filter>
    </ClCompile>
  </ItemGroup>
</Project>