<?xml version="1.0" encoding="utf-8"?>
<Project ToolsVersion="4.0" xmlns="http://schemas.microsoft.com/developer/msbuild/2003">
  <ItemGroup>
    <Filter Include="源文件">
      <UniqueIdentifier>{4FC737F1-C7A5-4376-A066-2A32D752A2FF}</UniqueIdentifier>
      <Extensions>cpp;c;cc;cxx;c++;cppm;ixx;def;odl;idl;hpj;bat;asm;asmx</Extensions>
    </Filter>
    <Filter Include="头文件">
      <UniqueIdentifier>{93995380-89BD-4b04-88EB-625FBE52EBFB}</UniqueIdentifier>
      <Extensions>h;hh;hpp;hxx;h++;hm;inl;inc;ipp;xsd</Extensions>
    </Filter>
    <Filter Include="资源文件">
      <UniqueIdentifier>{67DA6AB6-F800-4c08-8B7A-83BB121AAD01}</UniqueIdentifier>
      <Extensions>rc;ico;cur;bmp;dlg;rc2;rct;bin;rgs;gif;jpg;jpeg;jpe;resx;tiff;tif;png;wav;mfcribbon-ms</Extensions>
    </Filter>
    <Filter Include="源文件\力扣">
      <UniqueIdentifier>{9b3b65ed-cbb0-4420-8d18-135fc91b45ab}</UniqueIdentifier>
    </Filter>
    <Filter Include="源文件\力扣\简单">
      <UniqueIdentifier>{7129aa4a-88c0-4df7-afce-8d5c0b0a4f94}</UniqueIdentifier>
    </Filter>
  </ItemGroup>
  <ItemGroup>
    <ClCompile Include="7.整数反转.cpp">
      <Filter>源文件\力扣\简单</Filter>
    </ClCompile>
    <ClCompile Include="9.回文数.cpp">
      <Filter>源文件\力扣\简单</Filter>
    </ClCompile>
    <ClCompile Include="13.罗马数字转整数.cpp">
      <Filter>源文件\力扣\简单</Filter>
    </ClCompile>
    <ClCompile Include="26.删除有序数组中的重复项.cpp">
      <Filter>源文件\力扣\简单</Filter>
    </ClCompile>
    <ClCompile Include="27.移除元素.cpp">
      <Filter>源文件\力扣\简单</Filter>
    </ClCompile>
    <ClCompile Include="35.搜索插入位置.cpp">
      <Filter>源文件\力扣\简单</Filter>
    </ClCompile>
    <ClCompile Include="455.分发饼干.cpp">
      <Filter>源文件\力扣\简单</Filter>
    </ClCompile>
  </ItemGroup>
</Project>